
Microsoft Visual Studio Solution File, Format Version 12.00
# Visual Studio Version 16
VisualStudioVersion = 16.0.31105.61
MinimumVisualStudioVersion = 10.0.40219.1
Project("{FAE04EC0-301F-11D3-BF4B-00C04F79EFBC}") = "vpnStatus", "vpnStatus\vpnStatus.csproj", "{C0A35170-8713-44E8-8706-E7E69569CB62}"
EndProject
Global
	GlobalSection(SolutionConfigurationPlatforms) = preSolution
		Debug|Any CPU = Debug|Any CPU
		Release|Any CPU = Release|Any CPU
	EndGlobalSection
	GlobalSection(ProjectConfigurationPlatforms) = postSolution
		{C0A35170-8713-44E8-8706-E7E69569CB62}.Debug|Any CPU.ActiveCfg = Debug|Any CPU
		{C0A35170-8713-44E8-8706-E7E69569CB62}.Debug|Any CPU.Build.0 = Debug|Any CPU
		{C0A35170-8713-44E8-8706-E7E69569CB62}.Release|Any CPU.ActiveCfg = Release|Any CPU
		{C0A35170-8713-44E8-8706-E7E69569CB62}.Release|Any CPU.Build.0 = Release|Any CPU
	EndGlobalSection
	GlobalSection(SolutionProperties) = preSolution
		HideSolutionNode = FALSE
	EndGlobalSection
	GlobalSection(ExtensibilityGlobals) = postSolution
		SolutionGuid = {76AFC0E9-E032-40D1-8303-76DFD81CF9BA}
	EndGlobalSection
EndGlobal
